{"1.2.0",
[{<<"opentelemetry_api">>,{pkg,<<"opentelemetry_api">>,<<"1.0.0-rc.3.2">>},0},
 {<<"opentelemetry_telemetry">>,
  {pkg,<<"opentelemetry_telemetry">>,<<"1.0.0-beta.4">>},
  0},
 {<<"telemetry">>,{pkg,<<"telemetry">>,<<"1.0.0">>},0},
 {<<"telemetry_registry">>,{pkg,<<"telemetry_registry">>,<<"0.3.0">>},1}]}.
[
{pkg_hash,[
 {<<"opentelemetry_api">>, <<"588EBF85FA7D18EBA8DB297B7D0A2A654F680F35C4466CD0045CD12A6FDA27D7">>},
 {<<"opentelemetry_telemetry">>, <<"74B2A9DE1B2F1C22955A2FA3263D65A979FD64BF69D3D1571B5C34FDFED95CFA">>},
 {<<"telemetry">>, <<"0F453A102CDF13D506B7C0AB158324C337C41F1CC7548F0BC0E130BBF0AE9452">>},
 {<<"telemetry_registry">>, <<"6768F151EA53FC0FBCA70DBFF5B20A8D663EE4E0C0B2AE589590E08658E76F1E">>}]},
{pkg_hash_ext,[
 {<<"opentelemetry_api">>, <<"1E0BA55DB6718D5797E72C00E3821E60E02F7829E3FB64DC1A7C96F7C2776A58">>},
 {<<"opentelemetry_telemetry">>, <<"6EBBA3C47A26460A7302BFCDCCF87582EEB1A71C2E6ABC47845787DCD04FB256">>},
 {<<"telemetry">>, <<"73BC09FA59B4A0284EFB4624335583C528E07EC9AE76ACA96EA0673850AEC57A">>},
 {<<"telemetry_registry">>, <<"492E2ADBC609F3E79ECE7F29FEC363A97A2C484AC78A83098535D6564781E917">>}]}
].
