%{
  "acceptor_pool": {:hex, :acceptor_pool, "1.0.0", "43c20d2acae35f0c2bcd64f9d2bde267e459f0f3fd23dab26485bf518c281b21", [:rebar3], [], "hexpm", "0cbcd83fdc8b9ad2eee2067ef8b91a14858a5883cb7cd800e6fcd5803e158788"},
  "chatterbox": {:hex, :ts_chatterbox, "0.11.0", "b8f372c706023eb0de5bf2976764edb27c70fe67052c88c1f6a66b3a5626847f", [:rebar3], [{:hpack, "~>0.2.3", [hex: :hpack_erl, repo: "hexpm", optional: false]}], "hexpm", "722fe2bad52913ab7e87d849fc6370375f0c961ffb2f0b5e6d647c9170c382a6"},
  "ctx": {:hex, :ctx, "0.6.0", "8ff88b70e6400c4df90142e7f130625b82086077a45364a78d208ed3ed53c7fe", [:rebar3], [], "hexpm", "a14ed2d1b67723dbebbe423b28d7615eb0bdcba6ff28f2d1f1b0a7e1d4aa5fc2"},
  "gproc": {:hex, :gproc, "0.8.0", "cea02c578589c61e5341fce149ea36ccef236cc2ecac8691fba408e7ea77ec2f", [:rebar3], [], "hexpm", "580adafa56463b75263ef5a5df4c86af321f68694e7786cb057fd805d1e2a7de"},
  "grpcbox": {:hex, :grpcbox, "0.14.0", "3eb321bcd2275baf8b54cf381feb7b0559a50c02544de28fda039c7f2f9d1a7a", [:rebar3], [{:acceptor_pool, "~>1.0.0", [hex: :acceptor_pool, repo: "hexpm", optional: false]}, {:chatterbox, "~>0.11.0", [hex: :ts_chatterbox, repo: "hexpm", optional: false]}, {:ctx, "~>0.6.0", [hex: :ctx, repo: "hexpm", optional: false]}, {:gproc, "~>0.8.0", [hex: :gproc, repo: "hexpm", optional: false]}], "hexpm", "e24159b7b6d3f9869bbe528845c0125fed2259366ba908fd04a1f45fe81d0660"},
  "hpack": {:hex, :hpack_erl, "0.2.3", "17670f83ff984ae6cd74b1c456edde906d27ff013740ee4d9efaa4f1bf999633", [:rebar3], [], "hexpm", "06f580167c4b8b8a6429040df36cc93bba6d571faeaec1b28816523379cbb23a"},
  "opentelemetry": {:hex, :opentelemetry, "1.0.0-rc.3", "d2698bee882c354274563ee85d097bb736a9adb8d8ed376a4deea0cd3a14bb31", [:rebar3], [{:opentelemetry_api, "~> 1.0.0-rc.3", [hex: :opentelemetry_api, repo: "hexpm", optional: false]}], "hexpm", "c9105933df0d783d94cf08d79206eb8d6578abc0bcbd498d0b497ec62a4e30a8"},
  "opentelemetry_api": {:hex, :opentelemetry_api, "1.0.0-rc.3.2", "588ebf85fa7d18eba8db297b7d0a2a654f680f35c4466cd0045cd12a6fda27d7", [:mix, :rebar3], [], "hexpm", "1e0ba55db6718d5797e72c00e3821e60e02f7829e3fb64dc1a7c96f7c2776a58"},
  "opentelemetry_exporter": {:hex, :opentelemetry_exporter, "1.0.0-rc.3", "76f5657d4c94a12003d9ed2c8da1023c815e98f5553184dbb0cdaeec76db676d", [:rebar3], [{:grpcbox, ">= 0.0.0", [hex: :grpcbox, repo: "hexpm", optional: false]}, {:opentelemetry, "~> 1.0.0-rc.3", [hex: :opentelemetry, repo: "hexpm", optional: false]}, {:opentelemetry_api, "~> 1.0.0-rc.3", [hex: :opentelemetry_api, repo: "hexpm", optional: false]}], "hexpm", "267f0e4c3f1f5557cc7ad6ac71d66b8eaf7b3b56fde942c21f8a0bc96174fe1e"},
}
