%{
  "opentelemetry_api": {:hex, :opentelemetry_api, "1.2.2", "693f47b0d8c76da2095fe858204cfd6350c27fe85d00e4b763deecc9588cf27a", [:mix, :rebar3], [{:opentelemetry_semantic_conventions, "~> 0.2", [hex: :opentelemetry_semantic_conventions, repo: "hexpm", optional: false]}], "hexpm", "dc77b9a00f137a858e60a852f14007bb66eda1ffbeb6c05d5fe6c9e678b05e9d"},
  "opentelemetry_semantic_conventions": {:hex, :opentelemetry_semantic_conventions, "0.2.0", "b67fe459c2938fcab341cb0951c44860c62347c005ace1b50f8402576f241435", [:mix, :rebar3], [], "hexpm", "d61fa1f5639ee8668d74b527e6806e0503efc55a42db7b5f39939d84c07d6895"},
  "telemetry": {:hex, :telemetry, "1.2.1", "68fdfe8d8f05a8428483a97d7aab2f268aaff24b49e0f599faa091f1d4e7f61c", [:rebar3], [], "hexpm", "dad9ce9d8effc621708f99eac538ef1cbe05d6a874dd741de2e689c47feafed5"},
  "telemetry_metrics": {:hex, :telemetry_metrics, "0.6.2", "2caabe9344ec17eafe5403304771c3539f3b6e2f7fb6a6f602558c825d0d0bfb", [:mix], [{:telemetry, "~> 0.4 or ~> 1.0", [hex: :telemetry, repo: "hexpm", optional: false]}], "hexpm", "9b43db0dc33863930b9ef9d27137e78974756f5f198cae18409970ed6fa5b561"},
}
