%{
  "acceptor_pool": {:hex, :acceptor_pool, "1.0.0", "43c20d2acae35f0c2bcd64f9d2bde267e459f0f3fd23dab26485bf518c281b21", [:rebar3], [], "hexpm", "0cbcd83fdc8b9ad2eee2067ef8b91a14858a5883cb7cd800e6fcd5803e158788"},
  "amqp": {:hex, :amqp, "3.1.1", "a96ee272d196dfd1bf4ffc15dc7dcf900004d928dbdc6f5fcb80e6b0da03927c", [:mix], [{:amqp_client, "~> 3.9.1", [hex: :amqp_client, repo: "hexpm", optional: false]}], "hexpm", "ee7ca576351b4629b6be0701db8c085e203e242c577c59f344be56ef5a262056"},
  "amqp_client": {:hex, :amqp_client, "3.9.20", "1d95c0401cc6ea9a5cabd583c59f0cdd5ac534109976078f16942848e2774d37", [:make, :rebar3], [{:rabbit_common, "3.9.20", [hex: :rabbit_common, repo: "hexpm", optional: false]}], "hexpm", "3945ab858fd99c343745485f9c5e12f9f7ec878e84e40f986e326c6d8d060aea"},
  "broadway": {:hex, :broadway, "1.0.3", "04014322955d46c97d0608dbac2a76522d8a558245422fb6b3a6157ff7a0e36c", [:mix], [{:gen_stage, "~> 1.0", [hex: :gen_stage, repo: "hexpm", optional: false]}, {:nimble_options, "~> 0.3.7 or ~> 0.4.0", [hex: :nimble_options, repo: "hexpm", optional: false]}, {:telemetry, "~> 0.4.3 or ~> 1.0", [hex: :telemetry, repo: "hexpm", optional: false]}], "hexpm", "02562445a5af75288648a1cf7fe4ac8cb42acb3626a2339332f57951589fdd7b"},
  "broadway_kafka": {:hex, :broadway_kafka, "0.3.5", "c663e925d8cc5f4a69d697b4ae2df5667aaddd9449e9ed599ad9424fc8105c8a", [:mix], [{:broadway, "~> 1.0", [hex: :broadway, repo: "hexpm", optional: false]}, {:brod, "~> 3.10", [hex: :brod, repo: "hexpm", optional: false]}], "hexpm", "591a63212c97201bd24a85832c7cae67d1e7998193f1d821bfd42d47af250325"},
  "broadway_rabbitmq": {:hex, :broadway_rabbitmq, "0.7.2", "d2cc2cecf893e2a8646e74670827e4ee4240c1482473c511c3dd2c18b982728f", [:mix], [{:amqp, "~> 1.3 or ~> 2.0 or ~> 3.0", [hex: :amqp, repo: "hexpm", optional: false]}, {:broadway, "~> 1.0", [hex: :broadway, repo: "hexpm", optional: false]}, {:nimble_options, "~> 0.3.5 or ~> 0.4.0", [hex: :nimble_options, repo: "hexpm", optional: false]}, {:telemetry, "~> 0.4.3 or ~> 1.0", [hex: :telemetry, repo: "hexpm", optional: false]}], "hexpm", "e3a1d27b452cefc1da96bc15e12b34ff5fe3c9b2ada1341e6cdcae7f71f81383"},
  "brod": {:hex, :brod, "3.16.3", "9a18f2ee7e6d933a82d5e44c3360ce3a624e90e0fe61006dcd6ae2802e044788", [:rebar3], [{:kafka_protocol, "4.0.3", [hex: :kafka_protocol, repo: "hexpm", optional: false]}, {:snappyer, "1.2.8", [hex: :snappyer, repo: "hexpm", optional: false]}, {:supervisor3, "1.1.11", [hex: :supervisor3, repo: "hexpm", optional: false]}], "hexpm", "db872814719d2a1c27663bc3b01d1ef3f7588658ef05e30fdf92b97f67f75d9e"},
  "chatterbox": {:hex, :ts_chatterbox, "0.12.0", "4e54f199e15c0320b85372a24e35554a2ccfc4342e0b7cd8daed9a04f9b8ef4a", [:rebar3], [{:hpack, "~>0.2.3", [hex: :hpack_erl, repo: "hexpm", optional: false]}], "hexpm", "6478c161bc60244f41cd5847cc3accd26d997883e9f7facd36ff24533b2fa579"},
  "crc32cer": {:hex, :crc32cer, "0.1.8", "c6c2275c5fb60a95f4935d414f30b50ee9cfed494081c9b36ebb02edfc2f48db", [:rebar3], [], "hexpm", "251499085482920deb6c9b7aadabf9fb4c432f96add97ab42aee4501e5b6f591"},
  "credentials_obfuscation": {:hex, :credentials_obfuscation, "3.1.0", "2c405ea0c5db7b3344aa5a99f86c33e7b6ecea97d2cb613371e1cf0d192ef2c6", [:rebar3], [], "hexpm", "04884e62b1c6cdfba999d4d6b3e99bc0a59d5e439517bc5c01767255afb7b778"},
  "ctx": {:hex, :ctx, "0.6.0", "8ff88b70e6400c4df90142e7f130625b82086077a45364a78d208ed3ed53c7fe", [:rebar3], [], "hexpm", "a14ed2d1b67723dbebbe423b28d7615eb0bdcba6ff28f2d1f1b0a7e1d4aa5fc2"},
  "dialyxir": {:hex, :dialyxir, "1.1.0", "c5aab0d6e71e5522e77beff7ba9e08f8e02bad90dfbeffae60eaf0cb47e29488", [:mix], [{:erlex, ">= 0.2.6", [hex: :erlex, repo: "hexpm", optional: false]}], "hexpm", "07ea8e49c45f15264ebe6d5b93799d4dd56a44036cf42d0ad9c960bc266c0b9a"},
  "earmark_parser": {:hex, :earmark_parser, "1.4.25", "2024618731c55ebfcc5439d756852ec4e85978a39d0d58593763924d9a15916f", [:mix], [], "hexpm", "56749c5e1c59447f7b7a23ddb235e4b3defe276afc220a6227237f3efe83f51e"},
  "erlex": {:hex, :erlex, "0.2.6", "c7987d15e899c7a2f34f5420d2a2ea0d659682c06ac607572df55a43753aa12e", [:mix], [], "hexpm", "2ed2e25711feb44d52b17d2780eabf998452f6efda104877a3881c2f8c0c0c75"},
  "ex_doc": {:hex, :ex_doc, "0.28.4", "001a0ea6beac2f810f1abc3dbf4b123e9593eaa5f00dd13ded024eae7c523298", [:mix], [{:earmark_parser, "~> 1.4.19", [hex: :earmark_parser, repo: "hexpm", optional: false]}, {:makeup_elixir, "~> 0.14", [hex: :makeup_elixir, repo: "hexpm", optional: false]}, {:makeup_erlang, "~> 0.1", [hex: :makeup_erlang, repo: "hexpm", optional: false]}], "hexpm", "bf85d003dd34911d89c8ddb8bda1a958af3471a274a4c2150a9c01c78ac3f8ed"},
  "gen_stage": {:hex, :gen_stage, "1.1.2", "b1656cd4ba431ed02c5656fe10cb5423820847113a07218da68eae5d6a260c23", [:mix], [], "hexpm", "9e39af23140f704e2b07a3e29d8f05fd21c2aaf4088ff43cb82be4b9e3148d02"},
  "gproc": {:hex, :gproc, "0.8.0", "cea02c578589c61e5341fce149ea36ccef236cc2ecac8691fba408e7ea77ec2f", [:rebar3], [], "hexpm", "580adafa56463b75263ef5a5df4c86af321f68694e7786cb057fd805d1e2a7de"},
  "grpcbox": {:hex, :grpcbox, "0.15.0", "97c7126296a091602d372ebf5860a04f7bc795b45b33a984cad2b8e362774fd8", [:rebar3], [{:acceptor_pool, "~>1.0.0", [hex: :acceptor_pool, repo: "hexpm", optional: false]}, {:chatterbox, "~>0.12.0", [hex: :ts_chatterbox, repo: "hexpm", optional: false]}, {:ctx, "~>0.6.0", [hex: :ctx, repo: "hexpm", optional: false]}, {:gproc, "~>0.8.0", [hex: :gproc, repo: "hexpm", optional: false]}], "hexpm", "161abe9e17e7d1982efa6488adeaa13c3e847a07984a6e6b224e553368918647"},
  "hpack": {:hex, :hpack_erl, "0.2.3", "17670f83ff984ae6cd74b1c456edde906d27ff013740ee4d9efaa4f1bf999633", [:rebar3], [], "hexpm", "06f580167c4b8b8a6429040df36cc93bba6d571faeaec1b28816523379cbb23a"},
  "jsx": {:hex, :jsx, "3.1.0", "d12516baa0bb23a59bb35dccaf02a1bd08243fcbb9efe24f2d9d056ccff71268", [:rebar3], [], "hexpm", "0c5cc8fdc11b53cc25cf65ac6705ad39e54ecc56d1c22e4adb8f5a53fb9427f3"},
  "kafka_protocol": {:hex, :kafka_protocol, "4.0.3", "e3c21cba4b9cd278460efa2b9ac6a5a9bb715fcfda25945538e45b813f68f4b9", [:rebar3], [{:crc32cer, "0.1.8", [hex: :crc32cer, repo: "hexpm", optional: false]}], "hexpm", "528e14a571b02b9d055dab1160a2aca8474f2ec627a115efb828aae2bce6e5aa"},
  "makeup": {:hex, :makeup, "1.1.0", "6b67c8bc2882a6b6a445859952a602afc1a41c2e08379ca057c0f525366fc3ca", [:mix], [{:nimble_parsec, "~> 1.2.2 or ~> 1.3", [hex: :nimble_parsec, repo: "hexpm", optional: false]}], "hexpm", "0a45ed501f4a8897f580eabf99a2e5234ea3e75a4373c8a52824f6e873be57a6"},
  "makeup_elixir": {:hex, :makeup_elixir, "0.16.0", "f8c570a0d33f8039513fbccaf7108c5d750f47d8defd44088371191b76492b0b", [:mix], [{:makeup, "~> 1.0", [hex: :makeup, repo: "hexpm", optional: false]}, {:nimble_parsec, "~> 1.2.3", [hex: :nimble_parsec, repo: "hexpm", optional: false]}], "hexpm", "28b2cbdc13960a46ae9a8858c4bebdec3c9a6d7b4b9e7f4ed1502f8159f338e7"},
  "makeup_erlang": {:hex, :makeup_erlang, "0.1.1", "3fcb7f09eb9d98dc4d208f49cc955a34218fc41ff6b84df7c75b3e6e533cc65f", [:mix], [{:makeup, "~> 1.0", [hex: :makeup, repo: "hexpm", optional: false]}], "hexpm", "174d0809e98a4ef0b3309256cbf97101c6ec01c4ab0b23e926a9e17df2077cbb"},
  "nimble_options": {:hex, :nimble_options, "0.4.0", "c89babbab52221a24b8d1ff9e7d838be70f0d871be823165c94dd3418eea728f", [:mix], [], "hexpm", "e6701c1af326a11eea9634a3b1c62b475339ace9456c1a23ec3bc9a847bca02d"},
  "nimble_parsec": {:hex, :nimble_parsec, "1.2.3", "244836e6e3f1200c7f30cb56733fd808744eca61fd182f731eac4af635cc6d0b", [:mix], [], "hexpm", "c8d789e39b9131acf7b99291e93dae60ab48ef14a7ee9d58c6964f59efb570b0"},
  "opentelemetry": {:hex, :opentelemetry, "1.0.5", "f0cd36ac8b30b68e8d70cec5bb88801ed7f3fe79aac67597054ed5490542e810", [:rebar3], [{:opentelemetry_api, "~> 1.0", [hex: :opentelemetry_api, repo: "hexpm", optional: false]}], "hexpm", "3b17f8933a58e1246f42a0c215840fd8218aebbcabdb0aac62b0c766fe85542e"},
  "opentelemetry_api": {:hex, :opentelemetry_api, "1.0.3", "77f9644c42340cd8b18c728cde4822ed55ae136f0d07761b78e8c54da46af93a", [:mix, :rebar3], [], "hexpm", "4293e06bd369bc004e6fad5edbb56456d891f14bd3f9f1772b18f1923e0678ea"},
  "opentelemetry_exporter": {:hex, :opentelemetry_exporter, "1.0.4", "60a64c75633a82b6c36a20043be355ac72a7b9b21633edd47407924c5596dde0", [:rebar3], [{:grpcbox, ">= 0.0.0", [hex: :grpcbox, repo: "hexpm", optional: false]}, {:opentelemetry, "~> 1.0", [hex: :opentelemetry, repo: "hexpm", optional: false]}, {:opentelemetry_api, "~> 1.0", [hex: :opentelemetry_api, repo: "hexpm", optional: false]}, {:tls_certificate_check, "~> 1.11", [hex: :tls_certificate_check, repo: "hexpm", optional: false]}], "hexpm", "61da65290fbb6cac3459b84b8cd630795bf608df93a2b2cc49251cae78200e5e"},
  "opentelemetry_telemetry": {:hex, :opentelemetry_telemetry, "1.0.0", "d5982a319e725fcd2305b306b65c18a86afdcf7d96821473cf0649ff88877615", [:mix, :rebar3], [{:opentelemetry_api, "~> 1.0", [hex: :opentelemetry_api, repo: "hexpm", optional: false]}, {:telemetry, "~> 1.0", [hex: :telemetry, repo: "hexpm", optional: false]}, {:telemetry_registry, "~> 0.3.0", [hex: :telemetry_registry, repo: "hexpm", optional: false]}], "hexpm", "3401d13a1d4b7aa941a77e6b3ec074f0ae77f83b5b2206766ce630123a9291a9"},
  "rabbit_common": {:hex, :rabbit_common, "3.9.20", "179b3b9e0d79437bf8f160c240b12602d1838f63dfaa5e4583f1e6a567361fed", [:make, :rebar3], [{:credentials_obfuscation, "3.1.0", [hex: :credentials_obfuscation, repo: "hexpm", optional: false]}, {:jsx, "3.1.0", [hex: :jsx, repo: "hexpm", optional: false]}, {:recon, "2.5.2", [hex: :recon, repo: "hexpm", optional: false]}], "hexpm", "de19f3456e455a415e44c2bf6e75892e69b87fa89eb1e5c8d1e032b1a8c1e26f"},
  "recon": {:hex, :recon, "2.5.2", "cba53fa8db83ad968c9a652e09c3ed7ddcc4da434f27c3eaa9ca47ffb2b1ff03", [:mix, :rebar3], [], "hexpm", "2c7523c8dee91dff41f6b3d63cba2bd49eb6d2fe5bf1eec0df7f87eb5e230e1c"},
  "snappyer": {:hex, :snappyer, "1.2.8", "201ce9067a33c71a6a5087c0c3a49a010b17112d461e6df696c722dcb6d0934a", [:rebar3], [], "hexpm", "35518e79a28548b56d8fd6aee2f565f12f51c2d3d053f9cfa817c83be88c4f3d"},
  "ssl_verify_fun": {:hex, :ssl_verify_fun, "1.1.6", "cf344f5692c82d2cd7554f5ec8fd961548d4fd09e7d22f5b62482e5aeaebd4b0", [:make, :mix, :rebar3], [], "hexpm", "bdb0d2471f453c88ff3908e7686f86f9be327d065cc1ec16fa4540197ea04680"},
  "supervisor3": {:hex, :supervisor3, "1.1.11", "d81cdec31d102fde407423e1d05b569572850deebed86b951d5233c387cba80b", [:rebar3], [], "hexpm", "e6c2dedbcabcba24995a218aca12db5e208b80d3252692b22ef0f1a266104b50"},
  "telemetry": {:hex, :telemetry, "1.1.0", "a589817034a27eab11144ad24d5c0f9fab1f58173274b1e9bae7074af9cbee51", [:rebar3], [], "hexpm", "b727b2a1f75614774cff2d7565b64d0dfa5bd52ba517f16543e6fc7efcc0df48"},
  "telemetry_registry": {:hex, :telemetry_registry, "0.3.0", "6768f151ea53fc0fbca70dbff5b20a8d663ee4e0c0b2ae589590e08658e76f1e", [:mix, :rebar3], [{:telemetry, "~> 1.0", [hex: :telemetry, repo: "hexpm", optional: false]}], "hexpm", "492e2adbc609f3e79ece7f29fec363a97a2c484ac78a83098535d6564781e917"},
  "tls_certificate_check": {:hex, :tls_certificate_check, "1.14.0", "6d1638d56ac68b25c987d401dffb7cd059281339aadc3f8bf27ab33ee19ddbfe", [:rebar3], [{:ssl_verify_fun, "1.1.6", [hex: :ssl_verify_fun, repo: "hexpm", optional: false]}], "hexpm", "b4452ddd3ae89cd84451afa0e218cb3ccd5178fe3c1de7fabcbddb12a137bcf4"},
}
