%{
  "acceptor_pool": {:hex, :acceptor_pool, "1.0.0", "43c20d2acae35f0c2bcd64f9d2bde267e459f0f3fd23dab26485bf518c281b21", [:rebar3], [], "hexpm", "0cbcd83fdc8b9ad2eee2067ef8b91a14858a5883cb7cd800e6fcd5803e158788"},
  "chatterbox": {:hex, :ts_chatterbox, "0.11.0", "b8f372c706023eb0de5bf2976764edb27c70fe67052c88c1f6a66b3a5626847f", [:rebar3], [{:hpack, "~>0.2.3", [hex: :hpack_erl, repo: "hexpm", optional: false]}], "hexpm", "722fe2bad52913ab7e87d849fc6370375f0c961ffb2f0b5e6d647c9170c382a6"},
  "ctx": {:hex, :ctx, "0.6.0", "8ff88b70e6400c4df90142e7f130625b82086077a45364a78d208ed3ed53c7fe", [:rebar3], [], "hexpm", "a14ed2d1b67723dbebbe423b28d7615eb0bdcba6ff28f2d1f1b0a7e1d4aa5fc2"},
  "dialyxir": {:hex, :dialyxir, "1.1.0", "c5aab0d6e71e5522e77beff7ba9e08f8e02bad90dfbeffae60eaf0cb47e29488", [:mix], [{:erlex, ">= 0.2.6", [hex: :erlex, repo: "hexpm", optional: false]}], "hexpm", "07ea8e49c45f15264ebe6d5b93799d4dd56a44036cf42d0ad9c960bc266c0b9a"},
  "earmark_parser": {:hex, :earmark_parser, "1.4.19", "de0d033d5ff9fc396a24eadc2fcf2afa3d120841eb3f1004d138cbf9273210e8", [:mix], [], "hexpm", "527ab6630b5c75c3a3960b75844c314ec305c76d9899bb30f71cb85952a9dc45"},
  "erlex": {:hex, :erlex, "0.2.6", "c7987d15e899c7a2f34f5420d2a2ea0d659682c06ac607572df55a43753aa12e", [:mix], [], "hexpm", "2ed2e25711feb44d52b17d2780eabf998452f6efda104877a3881c2f8c0c0c75"},
  "ex_doc": {:hex, :ex_doc, "0.26.0", "1922164bac0b18b02f84d6f69cab1b93bc3e870e2ad18d5dacb50a9e06b542a3", [:mix], [{:earmark_parser, "~> 1.4.0", [hex: :earmark_parser, repo: "hexpm", optional: false]}, {:makeup_elixir, "~> 0.14", [hex: :makeup_elixir, repo: "hexpm", optional: false]}, {:makeup_erlang, "~> 0.1", [hex: :makeup_erlang, repo: "hexpm", optional: false]}], "hexpm", "2775d66e494a9a48355db7867478ffd997864c61c65a47d31c4949459281c78d"},
  "gproc": {:hex, :gproc, "0.8.0", "cea02c578589c61e5341fce149ea36ccef236cc2ecac8691fba408e7ea77ec2f", [:rebar3], [], "hexpm", "580adafa56463b75263ef5a5df4c86af321f68694e7786cb057fd805d1e2a7de"},
  "grpcbox": {:hex, :grpcbox, "0.14.0", "3eb321bcd2275baf8b54cf381feb7b0559a50c02544de28fda039c7f2f9d1a7a", [:rebar3], [{:acceptor_pool, "~>1.0.0", [hex: :acceptor_pool, repo: "hexpm", optional: false]}, {:chatterbox, "~>0.11.0", [hex: :ts_chatterbox, repo: "hexpm", optional: false]}, {:ctx, "~>0.6.0", [hex: :ctx, repo: "hexpm", optional: false]}, {:gproc, "~>0.8.0", [hex: :gproc, repo: "hexpm", optional: false]}], "hexpm", "e24159b7b6d3f9869bbe528845c0125fed2259366ba908fd04a1f45fe81d0660"},
  "hpack": {:hex, :hpack_erl, "0.2.3", "17670f83ff984ae6cd74b1c456edde906d27ff013740ee4d9efaa4f1bf999633", [:rebar3], [], "hexpm", "06f580167c4b8b8a6429040df36cc93bba6d571faeaec1b28816523379cbb23a"},
  "makeup": {:hex, :makeup, "1.0.5", "d5a830bc42c9800ce07dd97fa94669dfb93d3bf5fcf6ea7a0c67b2e0e4a7f26c", [:mix], [{:nimble_parsec, "~> 0.5 or ~> 1.0", [hex: :nimble_parsec, repo: "hexpm", optional: false]}], "hexpm", "cfa158c02d3f5c0c665d0af11512fed3fba0144cf1aadee0f2ce17747fba2ca9"},
  "makeup_elixir": {:hex, :makeup_elixir, "0.15.2", "dc72dfe17eb240552857465cc00cce390960d9a0c055c4ccd38b70629227e97c", [:mix], [{:makeup, "~> 1.0", [hex: :makeup, repo: "hexpm", optional: false]}, {:nimble_parsec, "~> 1.1", [hex: :nimble_parsec, repo: "hexpm", optional: false]}], "hexpm", "fd23ae48d09b32eff49d4ced2b43c9f086d402ee4fd4fcb2d7fad97fa8823e75"},
  "makeup_erlang": {:hex, :makeup_erlang, "0.1.1", "3fcb7f09eb9d98dc4d208f49cc955a34218fc41ff6b84df7c75b3e6e533cc65f", [:mix], [{:makeup, "~> 1.0", [hex: :makeup, repo: "hexpm", optional: false]}], "hexpm", "174d0809e98a4ef0b3309256cbf97101c6ec01c4ab0b23e926a9e17df2077cbb"},
  "nimble_parsec": {:hex, :nimble_parsec, "1.2.0", "b44d75e2a6542dcb6acf5d71c32c74ca88960421b6874777f79153bbbbd7dccc", [:mix], [], "hexpm", "52b2871a7515a5ac49b00f214e4165a40724cf99798d8e4a65e4fd64ebd002c1"},
  "opentelemetry": {:hex, :opentelemetry, "1.0.0", "6e98f4a9230681b2e4c88d45783ce1c02d671ffc0b5ac0cba69a34a3f5ada8d8", [:rebar3], [{:opentelemetry_api, "~> 1.0.0", [hex: :opentelemetry_api, repo: "hexpm", optional: false]}], "hexpm", "08d8697740f70594d05067cb62a0a8845ff568b2d47e1f8c78c46708ab58a74f"},
  "opentelemetry_api": {:hex, :opentelemetry_api, "1.0.0", "6e501f750ead189f35aed07eb8023fa6655fca12f913a196102f67db4ed5172c", [:mix, :rebar3], [], "hexpm", "ac51520bde21fdea7f82cea9236ce4e88a21281c22bc23b0f1fa3b28b4352fcf"},
  "opentelemetry_exporter": {:hex, :opentelemetry_exporter, "1.0.0", "12fd928e72dec8108d40214a667e7a90026827d6268db678617c9e40ec3dc931", [:rebar3], [{:grpcbox, ">= 0.0.0", [hex: :grpcbox, repo: "hexpm", optional: false]}, {:opentelemetry, "~> 1.0", [hex: :opentelemetry, repo: "hexpm", optional: false]}, {:opentelemetry_api, "~> 1.0", [hex: :opentelemetry_api, repo: "hexpm", optional: false]}, {:tls_certificate_check, "~> 1.11", [hex: :tls_certificate_check, repo: "hexpm", optional: false]}], "hexpm", "e2d2377abfb823cc99c1b68b4ce31df1ff1ce63e0c7bdbee7a7527e2d825168d"},
  "ssl_verify_fun": {:hex, :ssl_verify_fun, "1.1.6", "cf344f5692c82d2cd7554f5ec8fd961548d4fd09e7d22f5b62482e5aeaebd4b0", [:make, :mix, :rebar3], [], "hexpm", "bdb0d2471f453c88ff3908e7686f86f9be327d065cc1ec16fa4540197ea04680"},
  "tls_certificate_check": {:hex, :tls_certificate_check, "1.11.0", "609dcd503f31170f0799dac380eb0e086388cf918fc769aaa60ddd6bbf575218", [:rebar3], [{:ssl_verify_fun, "1.1.6", [hex: :ssl_verify_fun, repo: "hexpm", optional: false]}], "hexpm", "4ab962212ef7c87482619cb298e1fe06e047b57f0bd58cc417b3b299eb8d036e"},
}
