{
  "name": "roll_dice",
  "lockfileVersion": 3,
  "requires": true,
  "packages": {
    "": {
      "dependencies": {
        "@opentelemetry/api": "^1.4.1",
        "@opentelemetry/auto-instrumentations-web": "^0.32.2",
        "@opentelemetry/context-zone": "^1.13.0",
        "@opentelemetry/exporter-trace-otlp-http": "^0.39.1",
        "@opentelemetry/exporter-zipkin": "^1.13.0",
        "@opentelemetry/instrumentation-document-load": "^0.32.2",
        "@opentelemetry/sdk-trace-web": "^1.13.0",
        "esbuild": "0.25.0",
        "htmx.org": "^1.9.2"
      }
    },
    "node_modules/@esbuild/aix-ppc64": {
      "version": "0.25.0",
      "resolved": "https://registry.npmjs.org/@esbuild/aix-ppc64/-/aix-ppc64-0.25.0.tgz",
      "integrity": "sha512-O7vun9Sf8DFjH2UtqK8Ku3LkquL9SZL8OLY1T5NZkA34+wG3OQF7cl4Ql8vdNzM6fzBbYfLaiRLIOZ+2FOCgBQ==",
      "cpu": [
        "ppc64"
      ],
      "license": "MIT",
      "optional": true,
      "os": [
        "aix"
      ],
      "engines": {
        "node": ">=18"
      }
    },
    "node_modules/@esbuild/android-arm": {
      "version": "0.25.0",
      "resolved": "https://registry.npmjs.org/@esbuild/android-arm/-/android-arm-0.25.0.tgz",
      "integrity": "sha512-PTyWCYYiU0+1eJKmw21lWtC+d08JDZPQ5g+kFyxP0V+es6VPPSUhM6zk8iImp2jbV6GwjX4pap0JFbUQN65X1g==",
      "cpu": [
        "arm"
      ],
      "license": "MIT",
      "optional": true,
      "os": [
        "android"
      ],
      "engines": {
        "node": ">=18"
      }
    },
    "node_modules/@esbuild/android-arm64": {
      "version": "0.25.0",
      "resolved": "https://registry.npmjs.org/@esbuild/android-arm64/-/android-arm64-0.25.0.tgz",
      "integrity": "sha512-grvv8WncGjDSyUBjN9yHXNt+cq0snxXbDxy5pJtzMKGmmpPxeAmAhWxXI+01lU5rwZomDgD3kJwulEnhTRUd6g==",
      "cpu": [
        "arm64"
      ],
      "license": "MIT",
      "optional": true,
      "os": [
        "android"
      ],
      "engines": {
        "node": ">=18"
      }
    },
    "node_modules/@esbuild/android-x64": {
      "version": "0.25.0",
      "resolved": "https://registry.npmjs.org/@esbuild/android-x64/-/android-x64-0.25.0.tgz",
      "integrity": "sha512-m/ix7SfKG5buCnxasr52+LI78SQ+wgdENi9CqyCXwjVR2X4Jkz+BpC3le3AoBPYTC9NHklwngVXvbJ9/Akhrfg==",
      "cpu": [
        "x64"
      ],
      "license": "MIT",
      "optional": true,
      "os": [
        "android"
      ],
      "engines": {
        "node": ">=18"
      }
    },
    "node_modules/@esbuild/darwin-arm64": {
      "version": "0.25.0",
      "resolved": "https://registry.npmjs.org/@esbuild/darwin-arm64/-/darwin-arm64-0.25.0.tgz",
      "integrity": "sha512-mVwdUb5SRkPayVadIOI78K7aAnPamoeFR2bT5nszFUZ9P8UpK4ratOdYbZZXYSqPKMHfS1wdHCJk1P1EZpRdvw==",
      "cpu": [
        "arm64"
      ],
      "license": "MIT",
      "optional": true,
      "os": [
        "darwin"
      ],
      "engines": {
        "node": ">=18"
      }
    },
    "node_modules/@esbuild/darwin-x64": {
      "version": "0.25.0",
      "resolved": "https://registry.npmjs.org/@esbuild/darwin-x64/-/darwin-x64-0.25.0.tgz",
      "integrity": "sha512-DgDaYsPWFTS4S3nWpFcMn/33ZZwAAeAFKNHNa1QN0rI4pUjgqf0f7ONmXf6d22tqTY+H9FNdgeaAa+YIFUn2Rg==",
      "cpu": [
        "x64"
      ],
      "license": "MIT",
      "optional": true,
      "os": [
        "darwin"
      ],
      "engines": {
        "node": ">=18"
      }
    },
    "node_modules/@esbuild/freebsd-arm64": {
      "version": "0.25.0",
      "resolved": "https://registry.npmjs.org/@esbuild/freebsd-arm64/-/freebsd-arm64-0.25.0.tgz",
      "integrity": "sha512-VN4ocxy6dxefN1MepBx/iD1dH5K8qNtNe227I0mnTRjry8tj5MRk4zprLEdG8WPyAPb93/e4pSgi1SoHdgOa4w==",
      "cpu": [
        "arm64"
      ],
      "license": "MIT",
      "optional": true,
      "os": [
        "freebsd"
      ],
      "engines": {
        "node": ">=18"
      }
    },
    "node_modules/@esbuild/freebsd-x64": {
      "version": "0.25.0",
      "resolved": "https://registry.npmjs.org/@esbuild/freebsd-x64/-/freebsd-x64-0.25.0.tgz",
      "integrity": "sha512-mrSgt7lCh07FY+hDD1TxiTyIHyttn6vnjesnPoVDNmDfOmggTLXRv8Id5fNZey1gl/V2dyVK1VXXqVsQIiAk+A==",
      "cpu": [
        "x64"
      ],
      "license": "MIT",
      "optional": true,
      "os": [
        "freebsd"
      ],
      "engines": {
        "node": ">=18"
      }
    },
    "node_modules/@esbuild/linux-arm": {
      "version": "0.25.0",
      "resolved": "https://registry.npmjs.org/@esbuild/linux-arm/-/linux-arm-0.25.0.tgz",
      "integrity": "sha512-vkB3IYj2IDo3g9xX7HqhPYxVkNQe8qTK55fraQyTzTX/fxaDtXiEnavv9geOsonh2Fd2RMB+i5cbhu2zMNWJwg==",
      "cpu": [
        "arm"
      ],
      "license": "MIT",
      "optional": true,
      "os": [
        "linux"
      ],
      "engines": {
        "node": ">=18"
      }
    },
    "node_modules/@esbuild/linux-arm64": {
      "version": "0.25.0",
      "resolved": "https://registry.npmjs.org/@esbuild/linux-arm64/-/linux-arm64-0.25.0.tgz",
      "integrity": "sha512-9QAQjTWNDM/Vk2bgBl17yWuZxZNQIF0OUUuPZRKoDtqF2k4EtYbpyiG5/Dk7nqeK6kIJWPYldkOcBqjXjrUlmg==",
      "cpu": [
        "arm64"
      ],
      "license": "MIT",
      "optional": true,
      "os": [
        "linux"
      ],
      "engines": {
        "node": ">=18"
      }
    },
    "node_modules/@esbuild/linux-ia32": {
      "version": "0.25.0",
      "resolved": "https://registry.npmjs.org/@esbuild/linux-ia32/-/linux-ia32-0.25.0.tgz",
      "integrity": "sha512-43ET5bHbphBegyeqLb7I1eYn2P/JYGNmzzdidq/w0T8E2SsYL1U6un2NFROFRg1JZLTzdCoRomg8Rvf9M6W6Gg==",
      "cpu": [
        "ia32"
      ],
      "license": "MIT",
      "optional": true,
      "os": [
        "linux"
      ],
      "engines": {
        "node": ">=18"
      }
    },
    "node_modules/@esbuild/linux-loong64": {
      "version": "0.25.0",
      "resolved": "https://registry.npmjs.org/@esbuild/linux-loong64/-/linux-loong64-0.25.0.tgz",
      "integrity": "sha512-fC95c/xyNFueMhClxJmeRIj2yrSMdDfmqJnyOY4ZqsALkDrrKJfIg5NTMSzVBr5YW1jf+l7/cndBfP3MSDpoHw==",
      "cpu": [
        "loong64"
      ],
      "license": "MIT",
      "optional": true,
      "os": [
        "linux"
      ],
      "engines": {
        "node": ">=18"
      }
    },
    "node_modules/@esbuild/linux-mips64el": {
      "version": "0.25.0",
      "resolved": "https://registry.npmjs.org/@esbuild/linux-mips64el/-/linux-mips64el-0.25.0.tgz",
      "integrity": "sha512-nkAMFju7KDW73T1DdH7glcyIptm95a7Le8irTQNO/qtkoyypZAnjchQgooFUDQhNAy4iu08N79W4T4pMBwhPwQ==",
      "cpu": [
        "mips64el"
      ],
      "license": "MIT",
      "optional": true,
      "os": [
        "linux"
      ],
      "engines": {
        "node": ">=18"
      }
    },
    "node_modules/@esbuild/linux-ppc64": {
      "version": "0.25.0",
      "resolved": "https://registry.npmjs.org/@esbuild/linux-ppc64/-/linux-ppc64-0.25.0.tgz",
      "integrity": "sha512-NhyOejdhRGS8Iwv+KKR2zTq2PpysF9XqY+Zk77vQHqNbo/PwZCzB5/h7VGuREZm1fixhs4Q/qWRSi5zmAiO4Fw==",
      "cpu": [
        "ppc64"
      ],
      "license": "MIT",
      "optional": true,
      "os": [
        "linux"
      ],
      "engines": {
        "node": ">=18"
      }
    },
    "node_modules/@esbuild/linux-riscv64": {
      "version": "0.25.0",
      "resolved": "https://registry.npmjs.org/@esbuild/linux-riscv64/-/linux-riscv64-0.25.0.tgz",
      "integrity": "sha512-5S/rbP5OY+GHLC5qXp1y/Mx//e92L1YDqkiBbO9TQOvuFXM+iDqUNG5XopAnXoRH3FjIUDkeGcY1cgNvnXp/kA==",
      "cpu": [
        "riscv64"
      ],
      "license": "MIT",
      "optional": true,
      "os": [
        "linux"
      ],
      "engines": {
        "node": ">=18"
      }
    },
    "node_modules/@esbuild/linux-s390x": {
      "version": "0.25.0",
      "resolved": "https://registry.npmjs.org/@esbuild/linux-s390x/-/linux-s390x-0.25.0.tgz",
      "integrity": "sha512-XM2BFsEBz0Fw37V0zU4CXfcfuACMrppsMFKdYY2WuTS3yi8O1nFOhil/xhKTmE1nPmVyvQJjJivgDT+xh8pXJA==",
      "cpu": [
        "s390x"
      ],
      "license": "MIT",
      "optional": true,
      "os": [
        "linux"
      ],
      "engines": {
        "node": ">=18"
      }
    },
    "node_modules/@esbuild/linux-x64": {
      "version": "0.25.0",
      "resolved": "https://registry.npmjs.org/@esbuild/linux-x64/-/linux-x64-0.25.0.tgz",
      "integrity": "sha512-9yl91rHw/cpwMCNytUDxwj2XjFpxML0y9HAOH9pNVQDpQrBxHy01Dx+vaMu0N1CKa/RzBD2hB4u//nfc+Sd3Cw==",
      "cpu": [
        "x64"
      ],
      "license": "MIT",
      "optional": true,
      "os": [
        "linux"
      ],
      "engines": {
        "node": ">=18"
      }
    },
    "node_modules/@esbuild/netbsd-arm64": {
      "version": "0.25.0",
      "resolved": "https://registry.npmjs.org/@esbuild/netbsd-arm64/-/netbsd-arm64-0.25.0.tgz",
      "integrity": "sha512-RuG4PSMPFfrkH6UwCAqBzauBWTygTvb1nxWasEJooGSJ/NwRw7b2HOwyRTQIU97Hq37l3npXoZGYMy3b3xYvPw==",
      "cpu": [
        "arm64"
      ],
      "license": "MIT",
      "optional": true,
      "os": [
        "netbsd"
      ],
      "engines": {
        "node": ">=18"
      }
    },
    "node_modules/@esbuild/netbsd-x64": {
      "version": "0.25.0",
      "resolved": "https://registry.npmjs.org/@esbuild/netbsd-x64/-/netbsd-x64-0.25.0.tgz",
      "integrity": "sha512-jl+qisSB5jk01N5f7sPCsBENCOlPiS/xptD5yxOx2oqQfyourJwIKLRA2yqWdifj3owQZCL2sn6o08dBzZGQzA==",
      "cpu": [
        "x64"
      ],
      "license": "MIT",
      "optional": true,
      "os": [
        "netbsd"
      ],
      "engines": {
        "node": ">=18"
      }
    },
    "node_modules/@esbuild/openbsd-arm64": {
      "version": "0.25.0",
      "resolved": "https://registry.npmjs.org/@esbuild/openbsd-arm64/-/openbsd-arm64-0.25.0.tgz",
      "integrity": "sha512-21sUNbq2r84YE+SJDfaQRvdgznTD8Xc0oc3p3iW/a1EVWeNj/SdUCbm5U0itZPQYRuRTW20fPMWMpcrciH2EJw==",
      "cpu": [
        "arm64"
      ],
      "license": "MIT",
      "optional": true,
      "os": [
        "openbsd"
      ],
      "engines": {
        "node": ">=18"
      }
    },
    "node_modules/@esbuild/openbsd-x64": {
      "version": "0.25.0",
      "resolved": "https://registry.npmjs.org/@esbuild/openbsd-x64/-/openbsd-x64-0.25.0.tgz",
      "integrity": "sha512-2gwwriSMPcCFRlPlKx3zLQhfN/2WjJ2NSlg5TKLQOJdV0mSxIcYNTMhk3H3ulL/cak+Xj0lY1Ym9ysDV1igceg==",
      "cpu": [
        "x64"
      ],
      "license": "MIT",
      "optional": true,
      "os": [
        "openbsd"
      ],
      "engines": {
        "node": ">=18"
      }
    },
    "node_modules/@esbuild/sunos-x64": {
      "version": "0.25.0",
      "resolved": "https://registry.npmjs.org/@esbuild/sunos-x64/-/sunos-x64-0.25.0.tgz",
      "integrity": "sha512-bxI7ThgLzPrPz484/S9jLlvUAHYMzy6I0XiU1ZMeAEOBcS0VePBFxh1JjTQt3Xiat5b6Oh4x7UC7IwKQKIJRIg==",
      "cpu": [
        "x64"
      ],
      "license": "MIT",
      "optional": true,
      "os": [
        "sunos"
      ],
      "engines": {
        "node": ">=18"
      }
    },
    "node_modules/@esbuild/win32-arm64": {
      "version": "0.25.0",
      "resolved": "https://registry.npmjs.org/@esbuild/win32-arm64/-/win32-arm64-0.25.0.tgz",
      "integrity": "sha512-ZUAc2YK6JW89xTbXvftxdnYy3m4iHIkDtK3CLce8wg8M2L+YZhIvO1DKpxrd0Yr59AeNNkTiic9YLf6FTtXWMw==",
      "cpu": [
        "arm64"
      ],
      "license": "MIT",
      "optional": true,
      "os": [
        "win32"
      ],
      "engines": {
        "node": ">=18"
      }
    },
    "node_modules/@esbuild/win32-ia32": {
      "version": "0.25.0",
      "resolved": "https://registry.npmjs.org/@esbuild/win32-ia32/-/win32-ia32-0.25.0.tgz",
      "integrity": "sha512-eSNxISBu8XweVEWG31/JzjkIGbGIJN/TrRoiSVZwZ6pkC6VX4Im/WV2cz559/TXLcYbcrDN8JtKgd9DJVIo8GA==",
      "cpu": [
        "ia32"
      ],
      "license": "MIT",
      "optional": true,
      "os": [
        "win32"
      ],
      "engines": {
        "node": ">=18"
      }
    },
    "node_modules/@esbuild/win32-x64": {
      "version": "0.25.0",
      "resolved": "https://registry.npmjs.org/@esbuild/win32-x64/-/win32-x64-0.25.0.tgz",
      "integrity": "sha512-ZENoHJBxA20C2zFzh6AI4fT6RraMzjYw4xKWemRTRmRVtN9c5DcH9r/f2ihEkMjOW5eGgrwCslG/+Y/3bL+DHQ==",
      "cpu": [
        "x64"
      ],
      "license": "MIT",
      "optional": true,
      "os": [
        "win32"
      ],
      "engines": {
        "node": ">=18"
      }
    },
    "node_modules/@opentelemetry/api": {
      "version": "1.4.1",
      "resolved": "https://registry.npmjs.org/@opentelemetry/api/-/api-1.4.1.tgz",
      "integrity": "sha512-O2yRJce1GOc6PAy3QxFM4NzFiWzvScDC1/5ihYBL6BUEVdq0XMWN01sppE+H6bBXbaFYipjwFLEWLg5PaSOThA==",
      "engines": {
        "node": ">=8.0.0"
      }
    },
    "node_modules/@opentelemetry/api-logs": {
      "version": "0.39.1",
      "resolved": "https://registry.npmjs.org/@opentelemetry/api-logs/-/api-logs-0.39.1.tgz",
      "integrity": "sha512-9BJ8lMcOzEN0lu+Qji801y707oFO4xT3db6cosPvl+k7ItUHKN5ofWqtSbM9gbt1H4JJ/4/2TVrqI9Rq7hNv6Q==",
      "dependencies": {
        "@opentelemetry/api": "^1.0.0"
      },
      "engines": {
        "node": ">=14"
      }
    },
    "node_modules/@opentelemetry/auto-instrumentations-web": {
      "version": "0.32.2",
      "resolved": "https://registry.npmjs.org/@opentelemetry/auto-instrumentations-web/-/auto-instrumentations-web-0.32.2.tgz",
      "integrity": "sha512-50Fv0omhhaReBPnuh+apTT+RVLXjpEJQIzn26650VnPdBqCkbSzxmXFsMOqDKrrGpSchwZKD/7BU9GeIUDSgPA==",
      "dependencies": {
        "@opentelemetry/instrumentation": "^0.39.1",
        "@opentelemetry/instrumentation-document-load": "^0.32.2",
        "@opentelemetry/instrumentation-fetch": "^0.39.1",
        "@opentelemetry/instrumentation-user-interaction": "^0.32.3",
        "@opentelemetry/instrumentation-xml-http-request": "^0.39.1"
      },
      "engines": {
        "node": ">=14"
      },
      "peerDependencies": {
        "@opentelemetry/api": "^1.3.0"
      }
    },
    "node_modules/@opentelemetry/context-zone": {
      "version": "1.13.0",
      "resolved": "https://registry.npmjs.org/@opentelemetry/context-zone/-/context-zone-1.13.0.tgz",
      "integrity": "sha512-lgzSIy2XyCUHNW2LrAwv/RHzIou5uf29flmJzH9P6S5ikql9CX5o3vcUOimOQxpRSZXWU24puV4hIWhtYTWGZg==",
      "dependencies": {
        "@opentelemetry/context-zone-peer-dep": "1.13.0",
        "zone.js": "^0.11.0"
      },
      "engines": {
        "node": ">=14"
      }
    },
    "node_modules/@opentelemetry/context-zone-peer-dep": {
      "version": "1.13.0",
      "resolved": "https://registry.npmjs.org/@opentelemetry/context-zone-peer-dep/-/context-zone-peer-dep-1.13.0.tgz",
      "integrity": "sha512-fog8gIaVum2+WT2z9e3BIdfzekiePBcra2yzHpIz8gNpqirU0O4UNedDJWGJayAdutDU0W8Tx6V4HcTUKwhA8A==",
      "engines": {
        "node": ">=14"
      },
      "peerDependencies": {
        "@opentelemetry/api": ">=1.0.0 <1.5.0",
        "zone.js": "^0.10.2 || ^0.11.0"
      }
    },
    "node_modules/@opentelemetry/core": {
      "version": "1.13.0",
      "resolved": "https://registry.npmjs.org/@opentelemetry/core/-/core-1.13.0.tgz",
      "integrity": "sha512-2dBX3Sj99H96uwJKvc2w9NOiNgbvAO6mOFJFramNkKfS9O4Um+VWgpnlAazoYjT6kUJ1MP70KQ5ngD4ed+4NUw==",
      "dependencies": {
        "@opentelemetry/semantic-conventions": "1.13.0"
      },
      "engines": {
        "node": ">=14"
      },
      "peerDependencies": {
        "@opentelemetry/api": ">=1.0.0 <1.5.0"
      }
    },
    "node_modules/@opentelemetry/exporter-trace-otlp-http": {
      "version": "0.39.1",
      "resolved": "https://registry.npmjs.org/@opentelemetry/exporter-trace-otlp-http/-/exporter-trace-otlp-http-0.39.1.tgz",
      "integrity": "sha512-AEhnJfVmo1g+7NxszAuf3c6vddld2DGH2+IM4XrPxCklucCsIpuStuC5EVZbCXXXBMpAY+n3t04QMxIQqNrcSw==",
      "dependencies": {
        "@opentelemetry/core": "1.13.0",
        "@opentelemetry/otlp-exporter-base": "0.39.1",
        "@opentelemetry/otlp-transformer": "0.39.1",
        "@opentelemetry/resources": "1.13.0",
        "@opentelemetry/sdk-trace-base": "1.13.0"
      },
      "engines": {
        "node": ">=14"
      },
      "peerDependencies": {
        "@opentelemetry/api": "^1.0.0"
      }
    },
    "node_modules/@opentelemetry/exporter-zipkin": {
      "version": "1.13.0",
      "resolved": "https://registry.npmjs.org/@opentelemetry/exporter-zipkin/-/exporter-zipkin-1.13.0.tgz",
      "integrity": "sha512-4IuUmYEhlHm8tAGtd6KKkktEO9Bt7dpdBdAPVAzhmXsPwGi0yExo7E5qfi9HtHQcdfP9SnrGRkeorVtrZkGlhg==",
      "dependencies": {
        "@opentelemetry/core": "1.13.0",
        "@opentelemetry/resources": "1.13.0",
        "@opentelemetry/sdk-trace-base": "1.13.0",
        "@opentelemetry/semantic-conventions": "1.13.0"
      },
      "engines": {
        "node": ">=14"
      },
      "peerDependencies": {
        "@opentelemetry/api": "^1.0.0"
      }
    },
    "node_modules/@opentelemetry/instrumentation": {
      "version": "0.39.1",
      "resolved": "https://registry.npmjs.org/@opentelemetry/instrumentation/-/instrumentation-0.39.1.tgz",
      "integrity": "sha512-s7/9tPmM0l5KCd07VQizC4AO2/5UJdkXq5gMSHPdCeiMKSeBEdyDyQX7A+Cq+RYZM452qzFmrJ4ut628J5bnSg==",
      "dependencies": {
        "require-in-the-middle": "^7.1.0",
        "semver": "^7.3.2",
        "shimmer": "^1.2.1"
      },
      "engines": {
        "node": ">=14"
      },
      "peerDependencies": {
        "@opentelemetry/api": "^1.3.0"
      }
    },
    "node_modules/@opentelemetry/instrumentation-document-load": {
      "version": "0.32.2",
      "resolved": "https://registry.npmjs.org/@opentelemetry/instrumentation-document-load/-/instrumentation-document-load-0.32.2.tgz",
      "integrity": "sha512-j5klJHCz3HXbhl3nOJK3qMQkWXWcNUtGaaEcYh3uD1VdzvC6+SGbp40FGAGZXAhnlkIcWyTDsPGsNI1c0KuzNw==",
      "dependencies": {
        "@opentelemetry/core": "^1.8.0",
        "@opentelemetry/instrumentation": "^0.39.1",
        "@opentelemetry/sdk-trace-base": "^1.0.0",
        "@opentelemetry/sdk-trace-web": "^1.8.0",
        "@opentelemetry/semantic-conventions": "^1.0.0"
      },
      "engines": {
        "node": ">=14"
      },
      "peerDependencies": {
        "@opentelemetry/api": "^1.3.0"
      }
    },
    "node_modules/@opentelemetry/instrumentation-fetch": {
      "version": "0.39.1",
      "resolved": "https://registry.npmjs.org/@opentelemetry/instrumentation-fetch/-/instrumentation-fetch-0.39.1.tgz",
      "integrity": "sha512-JuIzMq/c/7EUFMuARJDBrAQCE4cwTCAmBQzQmALP4JbomyJ4Sax7nSYA+3QZ4x8m9fpsIaFtA0+45hn16/HEKQ==",
      "dependencies": {
        "@opentelemetry/core": "1.13.0",
        "@opentelemetry/instrumentation": "0.39.1",
        "@opentelemetry/sdk-trace-web": "1.13.0",
        "@opentelemetry/semantic-conventions": "1.13.0"
      },
      "engines": {
        "node": ">=14"
      },
      "peerDependencies": {
        "@opentelemetry/api": "^1.0.0"
      }
    },
    "node_modules/@opentelemetry/instrumentation-user-interaction": {
      "version": "0.32.3",
      "resolved": "https://registry.npmjs.org/@opentelemetry/instrumentation-user-interaction/-/instrumentation-user-interaction-0.32.3.tgz",
      "integrity": "sha512-Hf4PVmjEQ3fWLfHrYwO2VP9Wr5bWPl3b6UrGqwnqFkrE7/OvsW9R10vMjHxZxORBGGLE7we+ROfJMpwDWNVdvg==",
      "dependencies": {
        "@opentelemetry/core": "^1.8.0",
        "@opentelemetry/instrumentation": "^0.39.1",
        "@opentelemetry/sdk-trace-web": "^1.8.0"
      },
      "engines": {
        "node": ">=14"
      },
      "peerDependencies": {
        "@opentelemetry/api": "^1.3.0",
        "zone.js": "0.11.4"
      }
    },
    "node_modules/@opentelemetry/instrumentation-xml-http-request": {
      "version": "0.39.1",
      "resolved": "https://registry.npmjs.org/@opentelemetry/instrumentation-xml-http-request/-/instrumentation-xml-http-request-0.39.1.tgz",
      "integrity": "sha512-hj8Va+2uNEYKPwrUwiUwFfFBooI62wfnCeqizcneIaz0MC1Nqh86C40amivTfzKcvmSeEmwDYfXJ6vTSKvq07g==",
      "dependencies": {
        "@opentelemetry/core": "1.13.0",
        "@opentelemetry/instrumentation": "0.39.1",
        "@opentelemetry/sdk-trace-web": "1.13.0",
        "@opentelemetry/semantic-conventions": "1.13.0"
      },
      "engines": {
        "node": ">=14"
      },
      "peerDependencies": {
        "@opentelemetry/api": "^1.0.0"
      }
    },
    "node_modules/@opentelemetry/otlp-exporter-base": {
      "version": "0.39.1",
      "resolved": "https://registry.npmjs.org/@opentelemetry/otlp-exporter-base/-/otlp-exporter-base-0.39.1.tgz",
      "integrity": "sha512-Pv5X8fbi6jD/RJBePyn7MnCSuE6MbPB6dl+7YYBWJ5RcMGYMwvLXjd4h2jWsPV2TSUg38H/RoSP0aXvQ06Y7iw==",
      "dependencies": {
        "@opentelemetry/core": "1.13.0"
      },
      "engines": {
        "node": ">=14"
      },
      "peerDependencies": {
        "@opentelemetry/api": "^1.0.0"
      }
    },
    "node_modules/@opentelemetry/otlp-transformer": {
      "version": "0.39.1",
      "resolved": "https://registry.npmjs.org/@opentelemetry/otlp-transformer/-/otlp-transformer-0.39.1.tgz",
      "integrity": "sha512-0hgVnXXz5efI382B/24NxD4b6Zxlh7nxCdJkxkdmQMbn0yRiwoq/ZT+QG8eUL6JNzsBAV1WJlF5aJNsL8skHvw==",
      "dependencies": {
        "@opentelemetry/api-logs": "0.39.1",
        "@opentelemetry/core": "1.13.0",
        "@opentelemetry/resources": "1.13.0",
        "@opentelemetry/sdk-logs": "0.39.1",
        "@opentelemetry/sdk-metrics": "1.13.0",
        "@opentelemetry/sdk-trace-base": "1.13.0"
      },
      "engines": {
        "node": ">=14"
      },
      "peerDependencies": {
        "@opentelemetry/api": ">=1.3.0 <1.5.0"
      }
    },
    "node_modules/@opentelemetry/resources": {
      "version": "1.13.0",
      "resolved": "https://registry.npmjs.org/@opentelemetry/resources/-/resources-1.13.0.tgz",
      "integrity": "sha512-euqjOkiN6xhjE//0vQYGvbStxoD/WWQRhDiO0OTLlnLBO9Yw2Gd/VoSx2H+svsebjzYk5OxLuREBmcdw6rbUNg==",
      "dependencies": {
        "@opentelemetry/core": "1.13.0",
        "@opentelemetry/semantic-conventions": "1.13.0"
      },
      "engines": {
        "node": ">=14"
      },
      "peerDependencies": {
        "@opentelemetry/api": ">=1.0.0 <1.5.0"
      }
    },
    "node_modules/@opentelemetry/sdk-logs": {
      "version": "0.39.1",
      "resolved": "https://registry.npmjs.org/@opentelemetry/sdk-logs/-/sdk-logs-0.39.1.tgz",
      "integrity": "sha512-/gmgKfZ1ZVFporKuwsewqIyvaUIGpv76JZ7lBpHQQPb37IMpaXO6pdqFI4ebHAWfNIm3akMyhmdtzivcgF3lgw==",
      "dependencies": {
        "@opentelemetry/core": "1.13.0",
        "@opentelemetry/resources": "1.13.0"
      },
      "engines": {
        "node": ">=14"
      },
      "peerDependencies": {
        "@opentelemetry/api": ">=1.4.0 <1.5.0",
        "@opentelemetry/api-logs": ">=0.38.0"
      }
    },
    "node_modules/@opentelemetry/sdk-metrics": {
      "version": "1.13.0",
      "resolved": "https://registry.npmjs.org/@opentelemetry/sdk-metrics/-/sdk-metrics-1.13.0.tgz",
      "integrity": "sha512-MOjZX6AnSOqLliCcZUrb+DQKjAWXBiGeICGbHAGe5w0BB18PJIeIo995lO5JSaFfHpmUMgJButTPfJJD27W3Vg==",
      "dependencies": {
        "@opentelemetry/core": "1.13.0",
        "@opentelemetry/resources": "1.13.0",
        "lodash.merge": "4.6.2"
      },
      "engines": {
        "node": ">=14"
      },
      "peerDependencies": {
        "@opentelemetry/api": ">=1.3.0 <1.5.0"
      }
    },
    "node_modules/@opentelemetry/sdk-trace-base": {
      "version": "1.13.0",
      "resolved": "https://registry.npmjs.org/@opentelemetry/sdk-trace-base/-/sdk-trace-base-1.13.0.tgz",
      "integrity": "sha512-moTiQtc0uPR1hQLt6gLDJH9IIkeBhgRb71OKjNHZPE1VF45fHtD6nBDi5J/DkTHTwYP5X3kBJLa3xN7ub6J4eg==",
      "dependencies": {
        "@opentelemetry/core": "1.13.0",
        "@opentelemetry/resources": "1.13.0",
        "@opentelemetry/semantic-conventions": "1.13.0"
      },
      "engines": {
        "node": ">=14"
      },
      "peerDependencies": {
        "@opentelemetry/api": ">=1.0.0 <1.5.0"
      }
    },
    "node_modules/@opentelemetry/sdk-trace-web": {
      "version": "1.13.0",
      "resolved": "https://registry.npmjs.org/@opentelemetry/sdk-trace-web/-/sdk-trace-web-1.13.0.tgz",
      "integrity": "sha512-8iYENSMKKfKSZ9fEcTMkc6H0hs7bmnx14GeIT19r7eN0HqXli93WJP6eVQC/Exkz03D4uEKAdjqxKJzXCewKYg==",
      "dependencies": {
        "@opentelemetry/core": "1.13.0",
        "@opentelemetry/sdk-trace-base": "1.13.0",
        "@opentelemetry/semantic-conventions": "1.13.0"
      },
      "engines": {
        "node": ">=14"
      },
      "peerDependencies": {
        "@opentelemetry/api": ">=1.0.0 <1.5.0"
      }
    },
    "node_modules/@opentelemetry/semantic-conventions": {
      "version": "1.13.0",
      "resolved": "https://registry.npmjs.org/@opentelemetry/semantic-conventions/-/semantic-conventions-1.13.0.tgz",
      "integrity": "sha512-LMGqfSZkaMQXqewO0o1wvWr/2fQdCh4a3Sqlxka/UsJCe0cfLulh6x2aqnKLnsrSGiCq5rSCwvINd152i0nCqw==",
      "engines": {
        "node": ">=14"
      }
    },
    "node_modules/debug": {
      "version": "4.3.4",
      "resolved": "https://registry.npmjs.org/debug/-/debug-4.3.4.tgz",
      "integrity": "sha512-PRWFHuSU3eDtQJPvnNY7Jcket1j0t5OuOsFzPPzsekD52Zl8qUfFIPEiswXqIvHWGVHOgX+7G/vCNNhehwxfkQ==",
      "dependencies": {
        "ms": "2.1.2"
      },
      "engines": {
        "node": ">=6.0"
      },
      "peerDependenciesMeta": {
        "supports-color": {
          "optional": true
        }
      }
    },
    "node_modules/esbuild": {
      "version": "0.25.0",
      "resolved": "https://registry.npmjs.org/esbuild/-/esbuild-0.25.0.tgz",
      "integrity": "sha512-BXq5mqc8ltbaN34cDqWuYKyNhX8D/Z0J1xdtdQ8UcIIIyJyz+ZMKUt58tF3SrZ85jcfN/PZYhjR5uDQAYNVbuw==",
      "hasInstallScript": true,
      "license": "MIT",
      "bin": {
        "esbuild": "bin/esbuild"
      },
      "engines": {
        "node": ">=18"
      },
      "optionalDependencies": {
        "@esbuild/aix-ppc64": "0.25.0",
        "@esbuild/android-arm": "0.25.0",
        "@esbuild/android-arm64": "0.25.0",
        "@esbuild/android-x64": "0.25.0",
        "@esbuild/darwin-arm64": "0.25.0",
        "@esbuild/darwin-x64": "0.25.0",
        "@esbuild/freebsd-arm64": "0.25.0",
        "@esbuild/freebsd-x64": "0.25.0",
        "@esbuild/linux-arm": "0.25.0",
        "@esbuild/linux-arm64": "0.25.0",
        "@esbuild/linux-ia32": "0.25.0",
        "@esbuild/linux-loong64": "0.25.0",
        "@esbuild/linux-mips64el": "0.25.0",
        "@esbuild/linux-ppc64": "0.25.0",
        "@esbuild/linux-riscv64": "0.25.0",
        "@esbuild/linux-s390x": "0.25.0",
        "@esbuild/linux-x64": "0.25.0",
        "@esbuild/netbsd-arm64": "0.25.0",
        "@esbuild/netbsd-x64": "0.25.0",
        "@esbuild/openbsd-arm64": "0.25.0",
        "@esbuild/openbsd-x64": "0.25.0",
        "@esbuild/sunos-x64": "0.25.0",
        "@esbuild/win32-arm64": "0.25.0",
        "@esbuild/win32-ia32": "0.25.0",
        "@esbuild/win32-x64": "0.25.0"
      }
    },
    "node_modules/function-bind": {
      "version": "1.1.1",
      "resolved": "https://registry.npmjs.org/function-bind/-/function-bind-1.1.1.tgz",
      "integrity": "sha512-yIovAzMX49sF8Yl58fSCWJ5svSLuaibPxXQJFLmBObTuCr0Mf1KiPopGM9NiFjiYBCbfaa2Fh6breQ6ANVTI0A=="
    },
    "node_modules/has": {
      "version": "1.0.3",
      "resolved": "https://registry.npmjs.org/has/-/has-1.0.3.tgz",
      "integrity": "sha512-f2dvO0VU6Oej7RkWJGrehjbzMAjFp5/VKPp5tTpWIV4JHHZK1/BxbFRtf/siA2SWTe09caDmVtYYzWEIbBS4zw==",
      "dependencies": {
        "function-bind": "^1.1.1"
      },
      "engines": {
        "node": ">= 0.4.0"
      }
    },
    "node_modules/htmx.org": {
      "version": "1.9.2",
      "resolved": "https://registry.npmjs.org/htmx.org/-/htmx.org-1.9.2.tgz",
      "integrity": "sha512-ZGbucKcalQyXdGUl+4Zt3xdRDPmNy70yNhMyDG1eDYUm/ImxmSo2rhIBDa53XitrAVhA+/CGgry+wJ1SO77wrA=="
    },
    "node_modules/is-core-module": {
      "version": "2.12.1",
      "resolved": "https://registry.npmjs.org/is-core-module/-/is-core-module-2.12.1.tgz",
      "integrity": "sha512-Q4ZuBAe2FUsKtyQJoQHlvP8OvBERxO3jEmy1I7hcRXcJBGGHFh/aJBswbXuS9sgrDH2QUO8ilkwNPHvHMd8clg==",
      "dependencies": {
        "has": "^1.0.3"
      },
      "funding": {
        "url": "https://github.com/sponsors/ljharb"
      }
    },
    "node_modules/lodash.merge": {
      "version": "4.6.2",
      "resolved": "https://registry.npmjs.org/lodash.merge/-/lodash.merge-4.6.2.tgz",
      "integrity": "sha512-0KpjqXRVvrYyCsX1swR/XTK0va6VQkQM6MNo7PqW77ByjAhoARA8EfrP1N4+KlKj8YS0ZUCtRT/YUuhyYDujIQ=="
    },
    "node_modules/lru-cache": {
      "version": "6.0.0",
      "resolved": "https://registry.npmjs.org/lru-cache/-/lru-cache-6.0.0.tgz",
      "integrity": "sha512-Jo6dJ04CmSjuznwJSS3pUeWmd/H0ffTlkXXgwZi+eq1UCmqQwCh+eLsYOYCwY991i2Fah4h1BEMCx4qThGbsiA==",
      "dependencies": {
        "yallist": "^4.0.0"
      },
      "engines": {
        "node": ">=10"
      }
    },
    "node_modules/module-details-from-path": {
      "version": "1.0.3",
      "resolved": "https://registry.npmjs.org/module-details-from-path/-/module-details-from-path-1.0.3.tgz",
      "integrity": "sha512-ySViT69/76t8VhE1xXHK6Ch4NcDd26gx0MzKXLO+F7NOtnqH68d9zF94nT8ZWSxXh8ELOERsnJO/sWt1xZYw5A=="
    },
    "node_modules/ms": {
      "version": "2.1.2",
      "resolved": "https://registry.npmjs.org/ms/-/ms-2.1.2.tgz",
      "integrity": "sha512-sGkPx+VjMtmA6MX27oA4FBFELFCZZ4S4XqeGOXCv68tT+jb3vk/RyaKWP0PTKyWtmLSM0b+adUTEvbs1PEaH2w=="
    },
    "node_modules/path-parse": {
      "version": "1.0.7",
      "resolved": "https://registry.npmjs.org/path-parse/-/path-parse-1.0.7.tgz",
      "integrity": "sha512-LDJzPVEEEPR+y48z93A0Ed0yXb8pAByGWo/k5YYdYgpY2/2EsOsksJrq7lOHxryrVOn1ejG6oAp8ahvOIQD8sw=="
    },
    "node_modules/require-in-the-middle": {
      "version": "7.1.0",
      "resolved": "https://registry.npmjs.org/require-in-the-middle/-/require-in-the-middle-7.1.0.tgz",
      "integrity": "sha512-6f86Mh0vWCxqKKatRPwgY6VzYmcVay3WUTIpJ1ILBCNh+dTWabMR1swKGKz3XcEZ5mgjndzRu7fQ+44G2H9Gew==",
      "dependencies": {
        "debug": "^4.1.1",
        "module-details-from-path": "^1.0.3",
        "resolve": "^1.22.1"
      },
      "engines": {
        "node": ">=8.6.0"
      }
    },
    "node_modules/resolve": {
      "version": "1.22.2",
      "resolved": "https://registry.npmjs.org/resolve/-/resolve-1.22.2.tgz",
      "integrity": "sha512-Sb+mjNHOULsBv818T40qSPeRiuWLyaGMa5ewydRLFimneixmVy2zdivRl+AF6jaYPC8ERxGDmFSiqui6SfPd+g==",
      "dependencies": {
        "is-core-module": "^2.11.0",
        "path-parse": "^1.0.7",
        "supports-preserve-symlinks-flag": "^1.0.0"
      },
      "bin": {
        "resolve": "bin/resolve"
      },
      "funding": {
        "url": "https://github.com/sponsors/ljharb"
      }
    },
    "node_modules/semver": {
      "version": "7.5.4",
      "resolved": "https://registry.npmjs.org/semver/-/semver-7.5.4.tgz",
      "integrity": "sha512-1bCSESV6Pv+i21Hvpxp3Dx+pSD8lIPt8uVjRrxAUt/nbswYc+tK6Y2btiULjd4+fnq15PX+nqQDC7Oft7WkwcA==",
      "dependencies": {
        "lru-cache": "^6.0.0"
      },
      "bin": {
        "semver": "bin/semver.js"
      },
      "engines": {
        "node": ">=10"
      }
    },
    "node_modules/shimmer": {
      "version": "1.2.1",
      "resolved": "https://registry.npmjs.org/shimmer/-/shimmer-1.2.1.tgz",
      "integrity": "sha512-sQTKC1Re/rM6XyFM6fIAGHRPVGvyXfgzIDvzoq608vM+jeyVD0Tu1E6Np0Kc2zAIFWIj963V2800iF/9LPieQw=="
    },
    "node_modules/supports-preserve-symlinks-flag": {
      "version": "1.0.0",
      "resolved": "https://registry.npmjs.org/supports-preserve-symlinks-flag/-/supports-preserve-symlinks-flag-1.0.0.tgz",
      "integrity": "sha512-ot0WnXS9fgdkgIcePe6RHNk1WA8+muPa6cSjeR3V8K27q9BB1rTE3R1p7Hv0z1ZyAc8s6Vvv8DIyWf681MAt0w==",
      "engines": {
        "node": ">= 0.4"
      },
      "funding": {
        "url": "https://github.com/sponsors/ljharb"
      }
    },
    "node_modules/tslib": {
      "version": "2.5.2",
      "resolved": "https://registry.npmjs.org/tslib/-/tslib-2.5.2.tgz",
      "integrity": "sha512-5svOrSA2w3iGFDs1HibEVBGbDrAY82bFQ3HZ3ixB+88nsbsWQoKqDRb5UBYAUPEzbBn6dAp5gRNXglySbx1MlA=="
    },
    "node_modules/yallist": {
      "version": "4.0.0",
      "resolved": "https://registry.npmjs.org/yallist/-/yallist-4.0.0.tgz",
      "integrity": "sha512-3wdGidZyq5PB084XLES5TpOSRA3wjXAlIWMhum2kRcv/41Sn2emQ0dycQW4uZXLejwKvg6EsvbdlVL+FYEct7A=="
    },
    "node_modules/zone.js": {
      "version": "0.11.4",
      "resolved": "https://registry.npmjs.org/zone.js/-/zone.js-0.11.4.tgz",
      "integrity": "sha512-DDh2Ab+A/B+9mJyajPjHFPWfYU1H+pdun4wnnk0OcQTNjem1XQSZ2CDW+rfZEUDjv5M19SBqAkjZi0x5wuB5Qw==",
      "dependencies": {
        "tslib": "^2.0.0"
      }
    }
  }
}
