{"1.2.0",
[{<<"acceptor_pool">>,{pkg,<<"acceptor_pool">>,<<"1.0.0">>},2},
 {<<"chatterbox">>,{pkg,<<"ts_chatterbox">>,<<"0.13.0">>},2},
 {<<"ctx">>,{pkg,<<"ctx">>,<<"0.6.0">>},2},
 {<<"elli">>,{pkg,<<"elli">>,<<"3.3.0">>},0},
 {<<"gproc">>,{pkg,<<"gproc">>,<<"0.8.0">>},2},
 {<<"grpcbox">>,{pkg,<<"grpcbox">>,<<"0.16.0">>},1},
 {<<"hpack">>,{pkg,<<"hpack_erl">>,<<"0.2.3">>},3},
 {<<"opentelemetry">>,
  {git_subdir,"http://github.com/tsloughter/opentelemetry-erlang",
              {ref,"1fc3bc54d9954048014df7fd6227c6b783fd7047"},
              "apps/opentelemetry"},
  0},
 {<<"opentelemetry_api">>,
  {git_subdir,"http://github.com/tsloughter/opentelemetry-erlang",
              {ref,"1fc3bc54d9954048014df7fd6227c6b783fd7047"},
              "apps/opentelemetry_api"},
  0},
 {<<"opentelemetry_api_experimental">>,
  {git_subdir,"http://github.com/tsloughter/opentelemetry-erlang",
              {ref,"1fc3bc54d9954048014df7fd6227c6b783fd7047"},
              "apps/opentelemetry_api_experimental"},
  0},
 {<<"opentelemetry_elli">>,{pkg,<<"opentelemetry_elli">>,<<"0.2.0">>},0},
 {<<"opentelemetry_experimental">>,
  {git_subdir,"http://github.com/tsloughter/opentelemetry-erlang",
              {ref,"1fc3bc54d9954048014df7fd6227c6b783fd7047"},
              "apps/opentelemetry_experimental"},
  0},
 {<<"opentelemetry_exporter">>,
  {pkg,<<"opentelemetry_exporter">>,<<"1.4.1">>},
  0},
 {<<"opentelemetry_semantic_conventions">>,
  {pkg,<<"opentelemetry_semantic_conventions">>,<<"0.2.0">>},
  1},
 {<<"recon">>,{pkg,<<"recon">>,<<"2.5.3">>},0},
 {<<"ssl_verify_fun">>,{pkg,<<"ssl_verify_fun">>,<<"1.1.6">>},2},
 {<<"tls_certificate_check">>,
  {pkg,<<"tls_certificate_check">>,<<"1.18.0">>},
  1}]}.
[
{pkg_hash,[
 {<<"acceptor_pool">>, <<"43C20D2ACAE35F0C2BCD64F9D2BDE267E459F0F3FD23DAB26485BF518C281B21">>},
 {<<"chatterbox">>, <<"6F059D97BCAA758B8EA6FFFE2B3B81362BD06B639D3EA2BB088335511D691EBF">>},
 {<<"ctx">>, <<"8FF88B70E6400C4DF90142E7F130625B82086077A45364A78D208ED3ED53C7FE">>},
 {<<"elli">>, <<"089218762A7FF3D20AE81C8E911BD0F73EE4EE0ED85454226D1FC6B4FFF3B4F6">>},
 {<<"gproc">>, <<"CEA02C578589C61E5341FCE149EA36CCEF236CC2ECAC8691FBA408E7EA77EC2F">>},
 {<<"grpcbox">>, <<"B83F37C62D6EECA347B77F9B1EC7E9F62231690CDFEB3A31BE07CD4002BA9C82">>},
 {<<"hpack">>, <<"17670F83FF984AE6CD74B1C456EDDE906D27FF013740EE4D9EFAA4F1BF999633">>},
 {<<"opentelemetry_elli">>, <<"0FECED66B5D3C4590C249505339FBA8FFE1B3C2CB939B2EABD3574A690CC1F01">>},
 {<<"opentelemetry_exporter">>, <<"5C80C3A22EC084B4E0A9AC7D39A435B332949B2DCEEC9FB19F5C5D2CA8AE1D56">>},
 {<<"opentelemetry_semantic_conventions">>, <<"B67FE459C2938FCAB341CB0951C44860C62347C005ACE1B50F8402576F241435">>},
 {<<"recon">>, <<"739107B9050EA683C30E96DE050BC59248FD27EC147696F79A8797FF9FA17153">>},
 {<<"ssl_verify_fun">>, <<"CF344F5692C82D2CD7554F5EC8FD961548D4FD09E7D22F5B62482E5AEAEBD4B0">>},
 {<<"tls_certificate_check">>, <<"75699BC855EA18DE358E3024ABD73384691320BB7A0C98AC90A74475311C1AE3">>}]},
{pkg_hash_ext,[
 {<<"acceptor_pool">>, <<"0CBCD83FDC8B9AD2EEE2067EF8B91A14858A5883CB7CD800E6FCD5803E158788">>},
 {<<"chatterbox">>, <<"B93D19104D86AF0B3F2566C4CBA2A57D2E06D103728246BA1AC6C3C0FF010AA7">>},
 {<<"ctx">>, <<"A14ED2D1B67723DBEBBE423B28D7615EB0BDCBA6FF28F2D1F1B0A7E1D4AA5FC2">>},
 {<<"elli">>, <<"698B13B33D05661DB9FE7EFCBA41B84825A379CCE86E486CF6AFF9285BE0CCF8">>},
 {<<"gproc">>, <<"580ADAFA56463B75263EF5A5DF4C86AF321F68694E7786CB057FD805D1E2A7DE">>},
 {<<"grpcbox">>, <<"294DF743AE20A7E030889F00644001370A4F7CE0121F3BBDAF13CF3169C62913">>},
 {<<"hpack">>, <<"06F580167C4B8B8A6429040DF36CC93BBA6D571FAEAEC1B28816523379CBB23A">>},
 {<<"opentelemetry_elli">>, <<"41A8DBDA4781179357E7C6EF40BEC8E9DB9E7637A63C2AAE8B740F099ADD4392">>},
 {<<"opentelemetry_exporter">>, <<"5A0FF6618B0F7370BD10B50E64099A4C2AA52145AE6567CCCF7D76BA2D32E079">>},
 {<<"opentelemetry_semantic_conventions">>, <<"D61FA1F5639EE8668D74B527E6806E0503EFC55A42DB7B5F39939D84C07D6895">>},
 {<<"recon">>, <<"6C6683F46FD4A1DFD98404B9F78DCABC7FCD8826613A89DCB984727A8C3099D7">>},
 {<<"ssl_verify_fun">>, <<"BDB0D2471F453C88FF3908E7686F86F9BE327D065CC1EC16FA4540197EA04680">>},
 {<<"tls_certificate_check">>, <<"8DE62FF34E59317211567E3B1AE70866DF195895B051193C21ABC381276D395B">>}]}
].
