{"1.2.0",
[{<<"elli">>,{pkg,<<"elli">>,<<"3.3.0">>},0},
 {<<"opentelemetry_api">>,{pkg,<<"opentelemetry_api">>,<<"1.0.2">>},0}]}.
[
{pkg_hash,[
 {<<"elli">>, <<"089218762A7FF3D20AE81C8E911BD0F73EE4EE0ED85454226D1FC6B4FFF3B4F6">>},
 {<<"opentelemetry_api">>, <<"91353EE40583B1D4F07D7B13ED62642ABFEC6AAA0D8A2114F07EDAFB2DF781C5">>}]},
{pkg_hash_ext,[
 {<<"elli">>, <<"698B13B33D05661DB9FE7EFCBA41B84825A379CCE86E486CF6AFF9285BE0CCF8">>},
 {<<"opentelemetry_api">>, <<"2A8247F85C44216B883900067478D59955D11E58E5CFCA7C884CD4F203ACE3AC">>}]}
].
