{"1.2.0",
[{<<"elli">>,{pkg,<<"elli">>,<<"3.3.0">>},0},
 {<<"opentelemetry_api">>,{pkg,<<"opentelemetry_api">>,<<"1.5.0">>},0},
 {<<"opentelemetry_semantic_conventions">>,
  {pkg,<<"opentelemetry_semantic_conventions">>,<<"1.27.0">>},
  0},
 {<<"otel_http">>,{pkg,<<"otel_http">>,<<"0.2.0">>},0}]}.
[
{pkg_hash,[
 {<<"elli">>, <<"089218762A7FF3D20AE81C8E911BD0F73EE4EE0ED85454226D1FC6B4FFF3B4F6">>},
 {<<"opentelemetry_api">>, <<"1A676F3E3340CAB81C763E939A42E11A70C22863F645AA06AAFEFC689B5550CF">>},
 {<<"opentelemetry_semantic_conventions">>, <<"ACD0194A94A1E57D63DA982EE9F4A9F88834AE0B31B0BD850815FE9BE4BBB45F">>},
 {<<"otel_http">>, <<"B17385986C7F1B862F5D577F72614ECAA29DE40392B7618869999326B9A61D8A">>}]},
{pkg_hash_ext,[
 {<<"elli">>, <<"698B13B33D05661DB9FE7EFCBA41B84825A379CCE86E486CF6AFF9285BE0CCF8">>},
 {<<"opentelemetry_api">>, <<"F53EC8A1337AE4A487D43AC89DA4BD3A3C99DDF576655D071DEED8B56A2D5DDA">>},
 {<<"opentelemetry_semantic_conventions">>, <<"9681CCAA24FD3D810B4461581717661FD85FF7019B082C2DFF89C7D5B1FC2864">>},
 {<<"otel_http">>, <<"F2BEADF922C8CFEB0965488DD736C95CC6EA8B9EFCE89466B3904D317D7CC717">>}]}
].
